
Microsoft Visual Studio Solution File, Format Version 12.00
# Visual Studio 14
VisualStudioVersion = 14.0.25420.1
MinimumVisualStudioVersion = 10.0.40219.1
Project("{FAE04EC0-301F-11D3-BF4B-00C04F79EFBC}") = "ArtificialIntelligenceVisualizer", "ArtificialIntelligenceVisualizer\ArtificialIntelligenceVisualizer.csproj", "{4A34C859-2448-4D84-A187-3AD5D6443ABB}"
EndProject
Project("{FAE04EC0-301F-11D3-BF4B-00C04F79EFBC}") = "ArtificialIntelligenceVisualizerLibrary", "ArtificialIntelligenceVisualizerLibrary\ArtificialIntelligenceVisualizerLibrary.csproj", "{9480C0B7-A474-4B03-851A-ED402073F9AA}"
EndProject
Project("{FAE04EC0-301F-11D3-BF4B-00C04F79EFBC}") = "CustomProblemExample", "CustomProblemExample\CustomProblemExample.csproj", "{3A19A171-C3F8-41DB-85D2-655EDC7688BC}"
EndProject
Project("{FAE04EC0-301F-11D3-BF4B-00C04F79EFBC}") = "CustomProblemExample2", "CustomProblemExample2\CustomProblemExample2.csproj", "{C51C23BC-CCF6-4837-9C9A-F37662ED5FC3}"
EndProject
Project("{FAE04EC0-301F-11D3-BF4B-00C04F79EFBC}") = "CustomProblemExample3", "CustomProblemExample3\CustomProblemExample3.csproj", "{27A3876E-AC4F-49A8-868F-B75F2B5DD0CE}"
EndProject
Global
	GlobalSection(SolutionConfigurationPlatforms) = preSolution
		Debug|Any CPU = Debug|Any CPU
		Release|Any CPU = Release|Any CPU
	EndGlobalSection
	GlobalSection(ProjectConfigurationPlatforms) = postSolution
		{4A34C859-2448-4D84-A187-3AD5D6443ABB}.Debug|Any CPU.ActiveCfg = Debug|Any CPU
		{4A34C859-2448-4D84-A187-3AD5D6443ABB}.Debug|Any CPU.Build.0 = Debug|Any CPU
		{4A34C859-2448-4D84-A187-3AD5D6443ABB}.Release|Any CPU.ActiveCfg = Release|Any CPU
		{4A34C859-2448-4D84-A187-3AD5D6443ABB}.Release|Any CPU.Build.0 = Release|Any CPU
		{9480C0B7-A474-4B03-851A-ED402073F9AA}.Debug|Any CPU.ActiveCfg = Debug|Any CPU
		{9480C0B7-A474-4B03-851A-ED402073F9AA}.Debug|Any CPU.Build.0 = Debug|Any CPU
		{9480C0B7-A474-4B03-851A-ED402073F9AA}.Release|Any CPU.ActiveCfg = Release|Any CPU
		{9480C0B7-A474-4B03-851A-ED402073F9AA}.Release|Any CPU.Build.0 = Release|Any CPU
		{3A19A171-C3F8-41DB-85D2-655EDC7688BC}.Debug|Any CPU.ActiveCfg = Debug|Any CPU
		{3A19A171-C3F8-41DB-85D2-655EDC7688BC}.Debug|Any CPU.Build.0 = Debug|Any CPU
		{3A19A171-C3F8-41DB-85D2-655EDC7688BC}.Release|Any CPU.ActiveCfg = Release|Any CPU
		{3A19A171-C3F8-41DB-85D2-655EDC7688BC}.Release|Any CPU.Build.0 = Release|Any CPU
		{C51C23BC-CCF6-4837-9C9A-F37662ED5FC3}.Debug|Any CPU.ActiveCfg = Debug|Any CPU
		{C51C23BC-CCF6-4837-9C9A-F37662ED5FC3}.Debug|Any CPU.Build.0 = Debug|Any CPU
		{C51C23BC-CCF6-4837-9C9A-F37662ED5FC3}.Release|Any CPU.ActiveCfg = Release|Any CPU
		{C51C23BC-CCF6-4837-9C9A-F37662ED5FC3}.Release|Any CPU.Build.0 = Release|Any CPU
		{27A3876E-AC4F-49A8-868F-B75F2B5DD0CE}.Debug|Any CPU.ActiveCfg = Debug|Any CPU
		{27A3876E-AC4F-49A8-868F-B75F2B5DD0CE}.Debug|Any CPU.Build.0 = Debug|Any CPU
		{27A3876E-AC4F-49A8-868F-B75F2B5DD0CE}.Release|Any CPU.ActiveCfg = Release|Any CPU
		{27A3876E-AC4F-49A8-868F-B75F2B5DD0CE}.Release|Any CPU.Build.0 = Release|Any CPU
	EndGlobalSection
	GlobalSection(SolutionProperties) = preSolution
		HideSolutionNode = FALSE
	EndGlobalSection
	GlobalSection(ExtensibilityGlobals) = postSolution
		SolutionGuid = {D05D81F6-C78C-4041-820F-E4B86B0802E7}
	EndGlobalSection
EndGlobal
